
Microsoft Visual Studio Solution File, Format Version 12.00
# Visual Studio Version 17
VisualStudioVersion = 17.4.33213.308
MinimumVisualStudioVersion = 10.0.40219.1
Project("{FAE04EC0-301F-11D3-BF4B-00C04F79EFBC}") = "RelationalDatabaseExample", "RelationalDatabaseExample\RelationalDatabaseExample.csproj", "{1A8DD0D0-89FE-40B0-8932-3030FF59B4D0}"
EndProject
Global
	GlobalSection(SolutionConfigurationPlatforms) = preSolution
		Debug|Any CPU = Debug|Any CPU
		Release|Any CPU = Release|Any CPU
	EndGlobalSection
	GlobalSection(ProjectConfigurationPlatforms) = postSolution
		{1A8DD0D0-89FE-40B0-8932-3030FF59B4D0}.Debug|Any CPU.ActiveCfg = Debug|Any CPU
		{1A8DD0D0-89FE-40B0-8932-3030FF59B4D0}.Debug|Any CPU.Build.0 = Debug|Any CPU
		{1A8DD0D0-89FE-40B0-8932-3030FF59B4D0}.Release|Any CPU.ActiveCfg = Release|Any CPU
		{1A8DD0D0-89FE-40B0-8932-3030FF59B4D0}.Release|Any CPU.Build.0 = Release|Any CPU
	EndGlobalSection
	GlobalSection(SolutionProperties) = preSolution
		HideSolutionNode = FALSE
	EndGlobalSection
	GlobalSection(ExtensibilityGlobals) = postSolution
		SolutionGuid = {8FB9BD4C-3176-404E-A10E-C08C4D2499C1}
	EndGlobalSection
EndGlobal
