
Microsoft Visual Studio Solution File, Format Version 12.00
# Visual Studio Version 17
VisualStudioVersion = 17.4.33213.308
MinimumVisualStudioVersion = 10.0.40219.1
Project("{FAE04EC0-301F-11D3-BF4B-00C04F79EFBC}") = "MvcMovie", "MvcMovie\MvcMovie.csproj", "{86C93F46-1548-4375-8C0D-199957118391}"
EndProject
Global
	GlobalSection(SolutionConfigurationPlatforms) = preSolution
		Debug|Any CPU = Debug|Any CPU
		Release|Any CPU = Release|Any CPU
	EndGlobalSection
	GlobalSection(ProjectConfigurationPlatforms) = postSolution
		{86C93F46-1548-4375-8C0D-199957118391}.Debug|Any CPU.ActiveCfg = Debug|Any CPU
		{86C93F46-1548-4375-8C0D-199957118391}.Debug|Any CPU.Build.0 = Debug|Any CPU
		{86C93F46-1548-4375-8C0D-199957118391}.Release|Any CPU.ActiveCfg = Release|Any CPU
		{86C93F46-1548-4375-8C0D-199957118391}.Release|Any CPU.Build.0 = Release|Any CPU
	EndGlobalSection
	GlobalSection(SolutionProperties) = preSolution
		HideSolutionNode = FALSE
	EndGlobalSection
	GlobalSection(ExtensibilityGlobals) = postSolution
		SolutionGuid = {FCA5B63B-8EEF-4FAB-9F73-CCE18D60E43F}
	EndGlobalSection
EndGlobal
