
Microsoft Visual Studio Solution File, Format Version 12.00
# Visual Studio Version 17
VisualStudioVersion = 17.4.33213.308
MinimumVisualStudioVersion = 10.0.40219.1
Project("{FAE04EC0-301F-11D3-BF4B-00C04F79EFBC}") = "BulkyBookWeb", "BulkyBookWeb\BulkyBookWeb.csproj", "{8D5ADA4E-5A7D-4EBD-AAC3-3DCC9E8EED10}"
EndProject
Global
	GlobalSection(SolutionConfigurationPlatforms) = preSolution
		Debug|Any CPU = Debug|Any CPU
		Release|Any CPU = Release|Any CPU
	EndGlobalSection
	GlobalSection(ProjectConfigurationPlatforms) = postSolution
		{8D5ADA4E-5A7D-4EBD-AAC3-3DCC9E8EED10}.Debug|Any CPU.ActiveCfg = Debug|Any CPU
		{8D5ADA4E-5A7D-4EBD-AAC3-3DCC9E8EED10}.Debug|Any CPU.Build.0 = Debug|Any CPU
		{8D5ADA4E-5A7D-4EBD-AAC3-3DCC9E8EED10}.Release|Any CPU.ActiveCfg = Release|Any CPU
		{8D5ADA4E-5A7D-4EBD-AAC3-3DCC9E8EED10}.Release|Any CPU.Build.0 = Release|Any CPU
	EndGlobalSection
	GlobalSection(SolutionProperties) = preSolution
		HideSolutionNode = FALSE
	EndGlobalSection
	GlobalSection(ExtensibilityGlobals) = postSolution
		SolutionGuid = {C19B2C32-1E94-4444-BA40-D8C07D53B74A}
	EndGlobalSection
EndGlobal
