
Microsoft Visual Studio Solution File, Format Version 12.00
# Visual Studio Version 17
VisualStudioVersion = 17.5.33516.290
MinimumVisualStudioVersion = 10.0.40219.1
Project("{FAE04EC0-301F-11D3-BF4B-00C04F79EFBC}") = "LaptopWeb", "LaptopWeb\LaptopWeb.csproj", "{24BF01E3-FC1B-4876-BAA6-AEE2CF6F702F}"
EndProject
Global
	GlobalSection(SolutionConfigurationPlatforms) = preSolution
		Debug|Any CPU = Debug|Any CPU
		Release|Any CPU = Release|Any CPU
	EndGlobalSection
	GlobalSection(ProjectConfigurationPlatforms) = postSolution
		{24BF01E3-FC1B-4876-BAA6-AEE2CF6F702F}.Debug|Any CPU.ActiveCfg = Debug|Any CPU
		{24BF01E3-FC1B-4876-BAA6-AEE2CF6F702F}.Debug|Any CPU.Build.0 = Debug|Any CPU
		{24BF01E3-FC1B-4876-BAA6-AEE2CF6F702F}.Release|Any CPU.ActiveCfg = Release|Any CPU
		{24BF01E3-FC1B-4876-BAA6-AEE2CF6F702F}.Release|Any CPU.Build.0 = Release|Any CPU
	EndGlobalSection
	GlobalSection(SolutionProperties) = preSolution
		HideSolutionNode = FALSE
	EndGlobalSection
	GlobalSection(ExtensibilityGlobals) = postSolution
		SolutionGuid = {890E967B-9FA1-4538-9CB2-236F16021C65}
	EndGlobalSection
EndGlobal
